// !$*UTF8*$!
{
	archiveVersion = 1;
	classes = {
	};
	objectVersion = 56;
	objects = {

/* Begin PBXBuildFile section */
		8678CFD32C4397E600EAAAA8 /* WeatherManager.swift in Sources */ = {isa = PBXBuildFile; fileRef = 8678CFD22C4397E600EAAAA8 /* WeatherManager.swift */; };
		8678CFD72C446C9600EAAAA8 /* WeatherView.swift in Sources */ = {isa = PBXBuildFile; fileRef = 8678CFD62C446C9600EAAAA8 /* WeatherView.swift */; };
		8678CFD92C446CDF00EAAAA8 /* ModelData.swift in Sources */ = {isa = PBXBuildFile; fileRef = 8678CFD82C446CDF00EAAAA8 /* ModelData.swift */; };
		8678CFDD2C446D6000EAAAA8 /* weatherData.json in Resources */ = {isa = PBXBuildFile; fileRef = 8678CFDC2C446D6000EAAAA8 /* weatherData.json */; };
		8678CFDF2C446F5800EAAAA8 /* Extensions.swift in Sources */ = {isa = PBXBuildFile; fileRef = 8678CFDE2C446F5800EAAAA8 /* Extensions.swift */; };
		8678CFE22C44789E00EAAAA8 /* WeatherRow.swift in Sources */ = {isa = PBXBuildFile; fileRef = 8678CFE12C44789E00EAAAA8 /* WeatherRow.swift */; };
		86DA20E82C436FE300271A3D /* WeatherAppApp.swift in Sources */ = {isa = PBXBuildFile; fileRef = 86DA20E72C436FE300271A3D /* WeatherAppApp.swift */; };
		86DA20EA2C436FE300271A3D /* ContentView.swift in Sources */ = {isa = PBXBuildFile; fileRef = 86DA20E92C436FE300271A3D /* ContentView.swift */; };
		86DA20EC2C436FE500271A3D /* Assets.xcassets in Resources */ = {isa = PBXBuildFile; fileRef = 86DA20EB2C436FE500271A3D /* Assets.xcassets */; };
		86DA20EF2C436FE500271A3D /* Preview Assets.xcassets in Resources */ = {isa = PBXBuildFile; fileRef = 86DA20EE2C436FE500271A3D /* Preview Assets.xcassets */; };
		86DA20F72C4370BF00271A3D /* LocationManager.swift in Sources */ = {isa = PBXBuildFile; fileRef = 86DA20F62C4370BF00271A3D /* LocationManager.swift */; };
		86DA20FA2C43723E00271A3D /* WelcomeView.swift in Sources */ = {isa = PBXBuildFile; fileRef = 86DA20F92C43723E00271A3D /* WelcomeView.swift */; };
		86DA20FC2C4374C300271A3D /* LoadingView.swift in Sources */ = {isa = PBXBuildFile; fileRef = 86DA20FB2C4374C300271A3D /* LoadingView.swift */; };
/* End PBXBuildFile section */

/* Begin PBXFileReference section */
		8678CFD22C4397E600EAAAA8 /* WeatherManager.swift */ = {isa = PBXFileReference; lastKnownFileType = sourcecode.swift; path = WeatherManager.swift; sourceTree = "<group>"; };
		8678CFD62C446C9600EAAAA8 /* WeatherView.swift */ = {isa = PBXFileReference; lastKnownFileType = sourcecode.swift; path = WeatherView.swift; sourceTree = "<group>"; };
		8678CFD82C446CDF00EAAAA8 /* ModelData.swift */ = {isa = PBXFileReference; lastKnownFileType = sourcecode.swift; path = ModelData.swift; sourceTree = "<group>"; };
		8678CFDC2C446D6000EAAAA8 /* weatherData.json */ = {isa = PBXFileReference; lastKnownFileType = text.json; path = weatherData.json; sourceTree = "<group>"; };
		8678CFDE2C446F5800EAAAA8 /* Extensions.swift */ = {isa = PBXFileReference; lastKnownFileType = sourcecode.swift; path = Extensions.swift; sourceTree = "<group>"; };
		8678CFE12C44789E00EAAAA8 /* WeatherRow.swift */ = {isa = PBXFileReference; lastKnownFileType = sourcecode.swift; path = WeatherRow.swift; sourceTree = "<group>"; };
		86DA20E42C436FE300271A3D /* WeatherApp.app */ = {isa = PBXFileReference; explicitFileType = wrapper.application; includeInIndex = 0; path = WeatherApp.app; sourceTree = BUILT_PRODUCTS_DIR; };
		86DA20E72C436FE300271A3D /* WeatherAppApp.swift */ = {isa = PBXFileReference; lastKnownFileType = sourcecode.swift; path = WeatherAppApp.swift; sourceTree = "<group>"; };
		86DA20E92C436FE300271A3D /* ContentView.swift */ = {isa = PBXFileReference; lastKnownFileType = sourcecode.swift; path = ContentView.swift; sourceTree = "<group>"; };
		86DA20EB2C436FE500271A3D /* Assets.xcassets */ = {isa = PBXFileReference; lastKnownFileType = folder.assetcatalog; path = Assets.xcassets; sourceTree = "<group>"; };
		86DA20EE2C436FE500271A3D /* Preview Assets.xcassets */ = {isa = PBXFileReference; lastKnownFileType = folder.assetcatalog; path = "Preview Assets.xcassets"; sourceTree = "<group>"; };
		86DA20F62C4370BF00271A3D /* LocationManager.swift */ = {isa = PBXFileReference; lastKnownFileType = sourcecode.swift; path = LocationManager.swift; sourceTree = "<group>"; };
		86DA20F92C43723E00271A3D /* WelcomeView.swift */ = {isa = PBXFileReference; lastKnownFileType = sourcecode.swift; path = WelcomeView.swift; sourceTree = "<group>"; };
		86DA20FB2C4374C300271A3D /* LoadingView.swift */ = {isa = PBXFileReference; lastKnownFileType = sourcecode.swift; path = LoadingView.swift; sourceTree = "<group>"; };
/* End PBXFileReference section */

/* Begin PBXFrameworksBuildPhase section */
		86DA20E12C436FE300271A3D /* Frameworks */ = {
			isa = PBXFrameworksBuildPhase;
			buildActionMask = 2147483647;
			files = (
			);
			runOnlyForDeploymentPostprocessing = 0;
		};
/* End PBXFrameworksBuildPhase section */

/* Begin PBXGroup section */
		8678CFE02C44789400EAAAA8 /* Components */ = {
			isa = PBXGroup;
			children = (
				8678CFE12C44789E00EAAAA8 /* WeatherRow.swift */,
			);
			path = Components;
			sourceTree = "<group>";
		};
		86DA20DB2C436FE300271A3D = {
			isa = PBXGroup;
			children = (
				86DA20E62C436FE300271A3D /* WeatherApp */,
				86DA20E52C436FE300271A3D /* Products */,
			);
			sourceTree = "<group>";
		};
		86DA20E52C436FE300271A3D /* Products */ = {
			isa = PBXGroup;
			children = (
				86DA20E42C436FE300271A3D /* WeatherApp.app */,
			);
			name = Products;
			sourceTree = "<group>";
		};
		86DA20E62C436FE300271A3D /* WeatherApp */ = {
			isa = PBXGroup;
			children = (
				8678CFE02C44789400EAAAA8 /* Components */,
				86DA20F82C4371D600271A3D /* Views */,
				86DA20F52C4370AB00271A3D /* Managers */,
				86DA20E72C436FE300271A3D /* WeatherAppApp.swift */,
				86DA20EB2C436FE500271A3D /* Assets.xcassets */,
				86DA20ED2C436FE500271A3D /* Preview Content */,
				8678CFDE2C446F5800EAAAA8 /* Extensions.swift */,
			);
			path = WeatherApp;
			sourceTree = "<group>";
		};
		86DA20ED2C436FE500271A3D /* Preview Content */ = {
			isa = PBXGroup;
			children = (
				86DA20EE2C436FE500271A3D /* Preview Assets.xcassets */,
				8678CFD82C446CDF00EAAAA8 /* ModelData.swift */,
				8678CFDC2C446D6000EAAAA8 /* weatherData.json */,
			);
			path = "Preview Content";
			sourceTree = "<group>";
		};
		86DA20F52C4370AB00271A3D /* Managers */ = {
			isa = PBXGroup;
			children = (
				86DA20F62C4370BF00271A3D /* LocationManager.swift */,
				8678CFD22C4397E600EAAAA8 /* WeatherManager.swift */,
			);
			path = Managers;
			sourceTree = "<group>";
		};
		86DA20F82C4371D600271A3D /* Views */ = {
			isa = PBXGroup;
			children = (
				86DA20E92C436FE300271A3D /* ContentView.swift */,
				86DA20F92C43723E00271A3D /* WelcomeView.swift */,
				86DA20FB2C4374C300271A3D /* LoadingView.swift */,
				8678CFD62C446C9600EAAAA8 /* WeatherView.swift */,
			);
			path = Views;
			sourceTree = "<group>";
		};
/* End PBXGroup section */

/* Begin PBXNativeTarget section */
		86DA20E32C436FE300271A3D /* WeatherApp */ = {
			isa = PBXNativeTarget;
			buildConfigurationList = 86DA20F22C436FE500271A3D /* Build configuration list for PBXNativeTarget "WeatherApp" */;
			buildPhases = (
				86DA20E02C436FE300271A3D /* Sources */,
				86DA20E12C436FE300271A3D /* Frameworks */,
				86DA20E22C436FE300271A3D /* Resources */,
			);
			buildRules = (
			);
			dependencies = (
			);
			name = WeatherApp;
			productName = WeatherApp;
			productReference = 86DA20E42C436FE300271A3D /* WeatherApp.app */;
			productType = "com.apple.product-type.application";
		};
/* End PBXNativeTarget section */

/* Begin PBXProject section */
		86DA20DC2C436FE300271A3D /* Project object */ = {
			isa = PBXProject;
			attributes = {
				BuildIndependentTargetsInParallel = 1;
				LastSwiftUpdateCheck = 1420;
				LastUpgradeCheck = 1420;
				TargetAttributes = {
					86DA20E32C436FE300271A3D = {
						CreatedOnToolsVersion = 14.2;
					};
				};
			};
			buildConfigurationList = 86DA20DF2C436FE300271A3D /* Build configuration list for PBXProject "WeatherApp" */;
			compatibilityVersion = "Xcode 14.0";
			developmentRegion = en;
			hasScannedForEncodings = 0;
			knownRegions = (
				en,
				Base,
			);
			mainGroup = 86DA20DB2C436FE300271A3D;
			productRefGroup = 86DA20E52C436FE300271A3D /* Products */;
			projectDirPath = "";
			projectRoot = "";
			targets = (
				86DA20E32C436FE300271A3D /* WeatherApp */,
			);
		};
/* End PBXProject section */

/* Begin PBXResourcesBuildPhase section */
		86DA20E22C436FE300271A3D /* Resources */ = {
			isa = PBXResourcesBuildPhase;
			buildActionMask = 2147483647;
			files = (
				86DA20EF2C436FE500271A3D /* Preview Assets.xcassets in Resources */,
				8678CFDD2C446D6000EAAAA8 /* weatherData.json in Resources */,
				86DA20EC2C436FE500271A3D /* Assets.xcassets in Resources */,
			);
			runOnlyForDeploymentPostprocessing = 0;
		};
/* End PBXResourcesBuildPhase section */

/* Begin PBXSourcesBuildPhase section */
		86DA20E02C436FE300271A3D /* Sources */ = {
			isa = PBXSourcesBuildPhase;
			buildActionMask = 2147483647;
			files = (
				8678CFD32C4397E600EAAAA8 /* WeatherManager.swift in Sources */,
				8678CFDF2C446F5800EAAAA8 /* Extensions.swift in Sources */,
				86DA20EA2C436FE300271A3D /* ContentView.swift in Sources */,
				86DA20E82C436FE300271A3D /* WeatherAppApp.swift in Sources */,
				86DA20F72C4370BF00271A3D /* LocationManager.swift in Sources */,
				8678CFE22C44789E00EAAAA8 /* WeatherRow.swift in Sources */,
				86DA20FC2C4374C300271A3D /* LoadingView.swift in Sources */,
				8678CFD92C446CDF00EAAAA8 /* ModelData.swift in Sources */,
				8678CFD72C446C9600EAAAA8 /* WeatherView.swift in Sources */,
				86DA20FA2C43723E00271A3D /* WelcomeView.swift in Sources */,
			);
			runOnlyForDeploymentPostprocessing = 0;
		};
/* End PBXSourcesBuildPhase section */

/* Begin XCBuildConfiguration section */
		86DA20F02C436FE500271A3D /* Debug */ = {
			isa = XCBuildConfiguration;
			buildSettings = {
				ALWAYS_SEARCH_USER_PATHS = NO;
				CLANG_ANALYZER_NONNULL = YES;
				CLANG_ANALYZER_NUMBER_OBJECT_CONVERSION = YES_AGGRESSIVE;
				CLANG_CXX_LANGUAGE_STANDARD = "gnu++20";
				CLANG_ENABLE_MODULES = YES;
				CLANG_ENABLE_OBJC_ARC = YES;
				CLANG_ENABLE_OBJC_WEAK = YES;
				CLANG_WARN_BLOCK_CAPTURE_AUTORELEASING = YES;
				CLANG_WARN_BOOL_CONVERSION = YES;
				CLANG_WARN_COMMA = YES;
				CLANG_WARN_CONSTANT_CONVERSION = YES;
				CLANG_WARN_DEPRECATED_OBJC_IMPLEMENTATIONS = YES;
				CLANG_WARN_DIRECT_OBJC_ISA_USAGE = YES_ERROR;
				CLANG_WARN_DOCUMENTATION_COMMENTS = YES;
				CLANG_WARN_EMPTY_BODY = YES;
				CLANG_WARN_ENUM_CONVERSION = YES;
				CLANG_WARN_INFINITE_RECURSION = YES;
				CLANG_WARN_INT_CONVERSION = YES;
				CLANG_WARN_NON_LITERAL_NULL_CONVERSION = YES;
				CLANG_WARN_OBJC_IMPLICIT_RETAIN_SELF = YES;
				CLANG_WARN_OBJC_LITERAL_CONVERSION = YES;
				CLANG_WARN_OBJC_ROOT_CLASS = YES_ERROR;
				CLANG_WARN_QUOTED_INCLUDE_IN_FRAMEWORK_HEADER = YES;
				CLANG_WARN_RANGE_LOOP_ANALYSIS = YES;
				CLANG_WARN_STRICT_PROTOTYPES = YES;
				CLANG_WARN_SUSPICIOUS_MOVE = YES;
				CLANG_WARN_UNGUARDED_AVAILABILITY = YES_AGGRESSIVE;
				CLANG_WARN_UNREACHABLE_CODE = YES;
				CLANG_WARN__DUPLICATE_METHOD_MATCH = YES;
				COPY_PHASE_STRIP = NO;
				DEBUG_INFORMATION_FORMAT = dwarf;
				ENABLE_STRICT_OBJC_MSGSEND = YES;
				ENABLE_TESTABILITY = YES;
				GCC_C_LANGUAGE_STANDARD = gnu11;
				GCC_DYNAMIC_NO_PIC = NO;
				GCC_NO_COMMON_BLOCKS = YES;
				GCC_OPTIMIZATION_LEVEL = 0;
				GCC_PREPROCESSOR_DEFINITIONS = (
					"DEBUG=1",
					"$(inherited)",
				);
				GCC_WARN_64_TO_32_BIT_CONVERSION = YES;
				GCC_WARN_ABOUT_RETURN_TYPE = YES_ERROR;
				GCC_WARN_UNDECLARED_SELECTOR = YES;
				GCC_WARN_UNINITIALIZED_AUTOS = YES_AGGRESSIVE;
				GCC_WARN_UNUSED_FUNCTION = YES;
				GCC_WARN_UNUSED_VARIABLE = YES;
				IPHONEOS_DEPLOYMENT_TARGET = 16.2;
				MTL_ENABLE_DEBUG_INFO = INCLUDE_SOURCE;
				MTL_FAST_MATH = YES;
				ONLY_ACTIVE_ARCH = YES;
				SDKROOT = iphoneos;
				SWIFT_ACTIVE_COMPILATION_CONDITIONS = DEBUG;
				SWIFT_OPTIMIZATION_LEVEL = "-Onone";
			};
			name = Debug;
		};
		86DA20F12C436FE500271A3D /* Release */ = {
			isa = XCBuildConfiguration;
			buildSettings = {
				ALWAYS_SEARCH_USER_PATHS = NO;
				CLANG_ANALYZER_NONNULL = YES;
				CLANG_ANALYZER_NUMBER_OBJECT_CONVERSION = YES_AGGRESSIVE;
				CLANG_CXX_LANGUAGE_STANDARD = "gnu++20";
				CLANG_ENABLE_MODULES = YES;
				CLANG_ENABLE_OBJC_ARC = YES;
				CLANG_ENABLE_OBJC_WEAK = YES;
				CLANG_WARN_BLOCK_CAPTURE_AUTORELEASING = YES;
				CLANG_WARN_BOOL_CONVERSION = YES;
				CLANG_WARN_COMMA = YES;
				CLANG_WARN_CONSTANT_CONVERSION = YES;
				CLANG_WARN_DEPRECATED_OBJC_IMPLEMENTATIONS = YES;
				CLANG_WARN_DIRECT_OBJC_ISA_USAGE = YES_ERROR;
				CLANG_WARN_DOCUMENTATION_COMMENTS = YES;
				CLANG_WARN_EMPTY_BODY = YES;
				CLANG_WARN_ENUM_CONVERSION = YES;
				CLANG_WARN_INFINITE_RECURSION = YES;
				CLANG_WARN_INT_CONVERSION = YES;
				CLANG_WARN_NON_LITERAL_NULL_CONVERSION = YES;
				CLANG_WARN_OBJC_IMPLICIT_RETAIN_SELF = YES;
				CLANG_WARN_OBJC_LITERAL_CONVERSION = YES;
				CLANG_WARN_OBJC_ROOT_CLASS = YES_ERROR;
				CLANG_WARN_QUOTED_INCLUDE_IN_FRAMEWORK_HEADER = YES;
				CLANG_WARN_RANGE_LOOP_ANALYSIS = YES;
				CLANG_WARN_STRICT_PROTOTYPES = YES;
				CLANG_WARN_SUSPICIOUS_MOVE = YES;
				CLANG_WARN_UNGUARDED_AVAILABILITY = YES_AGGRESSIVE;
				CLANG_WARN_UNREACHABLE_CODE = YES;
				CLANG_WARN__DUPLICATE_METHOD_MATCH = YES;
				COPY_PHASE_STRIP = NO;
				DEBUG_INFORMATION_FORMAT = "dwarf-with-dsym";
				ENABLE_NS_ASSERTIONS = NO;
				ENABLE_STRICT_OBJC_MSGSEND = YES;
				GCC_C_LANGUAGE_STANDARD = gnu11;
				GCC_NO_COMMON_BLOCKS = YES;
				GCC_WARN_64_TO_32_BIT_CONVERSION = YES;
				GCC_WARN_ABOUT_RETURN_TYPE = YES_ERROR;
				GCC_WARN_UNDECLARED_SELECTOR = YES;
				GCC_WARN_UNINITIALIZED_AUTOS = YES_AGGRESSIVE;
				GCC_WARN_UNUSED_FUNCTION = YES;
				GCC_WARN_UNUSED_VARIABLE = YES;
				IPHONEOS_DEPLOYMENT_TARGET = 16.2;
				MTL_ENABLE_DEBUG_INFO = NO;
				MTL_FAST_MATH = YES;
				SDKROOT = iphoneos;
				SWIFT_COMPILATION_MODE = wholemodule;
				SWIFT_OPTIMIZATION_LEVEL = "-O";
				VALIDATE_PRODUCT = YES;
			};
			name = Release;
		};
		86DA20F32C436FE500271A3D /* Debug */ = {
			isa = XCBuildConfiguration;
			buildSettings = {
				ASSETCATALOG_COMPILER_APPICON_NAME = AppIcon;
				ASSETCATALOG_COMPILER_GLOBAL_ACCENT_COLOR_NAME = AccentColor;
				CODE_SIGN_STYLE = Automatic;
				CURRENT_PROJECT_VERSION = 1;
				DEVELOPMENT_ASSET_PATHS = "\"WeatherApp/Preview Content\"";
				DEVELOPMENT_TEAM = NQMW98P65C;
				ENABLE_PREVIEWS = YES;
				GENERATE_INFOPLIST_FILE = YES;
				INFOPLIST_KEY_UIApplicationSceneManifest_Generation = YES;
				INFOPLIST_KEY_UIApplicationSupportsIndirectInputEvents = YES;
				INFOPLIST_KEY_UILaunchScreen_Generation = YES;
				INFOPLIST_KEY_UISupportedInterfaceOrientations_iPad = "UIInterfaceOrientationPortrait UIInterfaceOrientationPortraitUpsideDown UIInterfaceOrientationLandscapeLeft UIInterfaceOrientationLandscapeRight";
				INFOPLIST_KEY_UISupportedInterfaceOrientations_iPhone = "UIInterfaceOrientationPortrait UIInterfaceOrientationLandscapeLeft UIInterfaceOrientationLandscapeRight";
				IPHONEOS_DEPLOYMENT_TARGET = 15.0;
				LD_RUNPATH_SEARCH_PATHS = (
					"$(inherited)",
					"@executable_path/Frameworks",
				);
				MARKETING_VERSION = 1.0;
				PRODUCT_BUNDLE_IDENTIFIER = dev.marcomartinez.WeatherApp;
				PRODUCT_NAME = "$(TARGET_NAME)";
				SWIFT_EMIT_LOC_STRINGS = YES;
				SWIFT_VERSION = 5.0;
				TARGETED_DEVICE_FAMILY = "1,2";
			};
			name = Debug;
		};
		86DA20F42C436FE500271A3D /* Release */ = {
			isa = XCBuildConfiguration;
			buildSettings = {
				ASSETCATALOG_COMPILER_APPICON_NAME = AppIcon;
				ASSETCATALOG_COMPILER_GLOBAL_ACCENT_COLOR_NAME = AccentColor;
				CODE_SIGN_STYLE = Automatic;
				CURRENT_PROJECT_VERSION = 1;
				DEVELOPMENT_ASSET_PATHS = "\"WeatherApp/Preview Content\"";
				DEVELOPMENT_TEAM = NQMW98P65C;
				ENABLE_PREVIEWS = YES;
				GENERATE_INFOPLIST_FILE = YES;
				INFOPLIST_KEY_UIApplicationSceneManifest_Generation = YES;
				INFOPLIST_KEY_UIApplicationSupportsIndirectInputEvents = YES;
				INFOPLIST_KEY_UILaunchScreen_Generation = YES;
				INFOPLIST_KEY_UISupportedInterfaceOrientations_iPad = "UIInterfaceOrientationPortrait UIInterfaceOrientationPortraitUpsideDown UIInterfaceOrientationLandscapeLeft UIInterfaceOrientationLandscapeRight";
				INFOPLIST_KEY_UISupportedInterfaceOrientations_iPhone = "UIInterfaceOrientationPortrait UIInterfaceOrientationLandscapeLeft UIInterfaceOrientationLandscapeRight";
				IPHONEOS_DEPLOYMENT_TARGET = 15.0;
				LD_RUNPATH_SEARCH_PATHS = (
					"$(inherited)",
					"@executable_path/Frameworks",
				);
				MARKETING_VERSION = 1.0;
				PRODUCT_BUNDLE_IDENTIFIER = dev.marcomartinez.WeatherApp;
				PRODUCT_NAME = "$(TARGET_NAME)";
				SWIFT_EMIT_LOC_STRINGS = YES;
				SWIFT_VERSION = 5.0;
				TARGETED_DEVICE_FAMILY = "1,2";
			};
			name = Release;
		};
/* End XCBuildConfiguration section */

/* Begin XCConfigurationList section */
		86DA20DF2C436FE300271A3D /* Build configuration list for PBXProject "WeatherApp" */ = {
			isa = XCConfigurationList;
			buildConfigurations = (
				86DA20F02C436FE500271A3D /* Debug */,
				86DA20F12C436FE500271A3D /* Release */,
			);
			defaultConfigurationIsVisible = 0;
			defaultConfigurationName = Release;
		};
		86DA20F22C436FE500271A3D /* Build configuration list for PBXNativeTarget "WeatherApp" */ = {
			isa = XCConfigurationList;
			buildConfigurations = (
				86DA20F32C436FE500271A3D /* Debug */,
				86DA20F42C436FE500271A3D /* Release */,
			);
			defaultConfigurationIsVisible = 0;
			defaultConfigurationName = Release;
		};
/* End XCConfigurationList section */
	};
	rootObject = 86DA20DC2C436FE300271A3D /* Project object */;
}
